<?xml version="1.0" encoding="utf-8"?>
<Project ToolsVersion="4.0" xmlns="http://schemas.microsoft.com/developer/msbuild/2003">
  <ItemGroup>
    <Filter Include="Source">
      <UniqueIdentifier>{03ef2585-f713-4dad-8b80-fa9f24549648}</UniqueIdentifier>
    </Filter>
    <Filter Include="Headers">
      <UniqueIdentifier>{dcb95e9c-a64c-4199-ba29-caf2c052d0ed}</UniqueIdentifier>
    </Filter>
    <Filter Include="Source\Parser">
      <UniqueIdentifier>{360fffbc-5487-430a-822f-bb610addd6f5}</UniqueIdentifier>
    </Filter>
    <Filter Include="Headers\Parser">
      <UniqueIdentifier>{bc2ba5de-cb25-4ef5-bfcf-3fd9a71fcfc5}</UniqueIdentifier>
    </Filter>
    <Filter Include="Headers\ExpTree">
      <UniqueIdentifier>{9f4cc33b-6e4b-4bea-b968-36147c4459a8}</UniqueIdentifier>
    </Filter>
    <Filter Include="Headers\ExpTree\Nodes">
      <UniqueIdentifier>{d45c44e6-8528-4918-a2cd-2b554a1b198f}</UniqueIdentifier>
    </Filter>
    <Filter Include="Headers\ExpTree\Nodes\Values">
      <UniqueIdentifier>{7b1373ab-4073-4a07-8b39-5d3f0993a3e4}</UniqueIdentifier>
    </Filter>
    <Filter Include="Headers\ExpTree\Nodes\Operators">
      <UniqueIdentifier>{de5a3733-4dd1-4ebb-9cbe-e91b7b348d81}</UniqueIdentifier>
    </Filter>
    <Filter Include="Source\ExpTree">
      <UniqueIdentifier>{48b6af64-5a17-48f5-a6fe-0532f93cf6da}</UniqueIdentifier>
    </Filter>
    <Filter Include="Source\ExpTree\Nodes">
      <UniqueIdentifier>{ed1e845b-1727-4306-901b-4d0f3329a610}</UniqueIdentifier>
    </Filter>
    <Filter Include="Source\ExpTree\Nodes\Values">
      <UniqueIdentifier>{06150979-de92-4709-8dae-6b3f449ea845}</UniqueIdentifier>
    </Filter>
    <Filter Include="Source\ExpTree\Nodes\Operators">
      <UniqueIdentifier>{002a9046-e4d9-4714-9c8a-ef49fda6334c}</UniqueIdentifier>
    </Filter>
    <Filter Include="Source\ExpTree\Nodes\Operators\Functions">
      <UniqueIdentifier>{e2b3e1bf-0842-4323-bebd-f0e84400e415}</UniqueIdentifier>
    </Filter>
    <Filter Include="Headers\ExpTree\Nodes\Operators\Functions">
      <UniqueIdentifier>{911f6a4d-8300-4e7e-8bb6-e9ac171ab6e7}</UniqueIdentifier>
    </Filter>
    <Filter Include="Headers\ExpTree\Terms">
      <UniqueIdentifier>{2c7286cb-37ae-452c-a39a-c70b0ed81e4d}</UniqueIdentifier>
    </Filter>
    <Filter Include="Source\ExpTree\Terms">
      <UniqueIdentifier>{8cc22b3c-a9d9-45d2-8a39-e43587ebc5aa}</UniqueIdentifier>
    </Filter>
    <Filter Include="Source\Printer">
      <UniqueIdentifier>{2259a472-6aff-44e7-9ce6-a7daec96ae48}</UniqueIdentifier>
    </Filter>
    <Filter Include="Headers\Printer">
      <UniqueIdentifier>{30e00eaa-5442-44e2-8c41-2ff12e760e58}</UniqueIdentifier>
    </Filter>
    <Filter Include="Headers\Operations">
      <UniqueIdentifier>{1c730170-29e1-449f-9c52-9c504f4c14b1}</UniqueIdentifier>
    </Filter>
    <Filter Include="Source\Operations">
      <UniqueIdentifier>{0e2fa6be-9b9f-479b-85da-327aefd03ee3}</UniqueIdentifier>
    </Filter>
    <Filter Include="Headers\ExpTree\Nodes\Collections">
      <UniqueIdentifier>{598a4cba-e9d5-49cc-a51b-5f99dc0cdf70}</UniqueIdentifier>
    </Filter>
    <Filter Include="Source\ExpTree\Nodes\Collections">
      <UniqueIdentifier>{5fde2f8d-3ae5-4b9e-905e-155ed4d0ea36}</UniqueIdentifier>
    </Filter>
    <Filter Include="Headers\Printer\Internal">
      <UniqueIdentifier>{fb547c2f-b634-4612-9dca-25e1330240c1}</UniqueIdentifier>
    </Filter>
    <Filter Include="Source\Parser\Internal">
      <UniqueIdentifier>{6c40c27a-546b-42d2-8626-bd8d2ea9f0e5}</UniqueIdentifier>
    </Filter>
    <Filter Include="Source\Parser\Internal\Functions">
      <UniqueIdentifier>{e0bc292a-35dd-4205-8a2e-47d9bbdf6a03}</UniqueIdentifier>
    </Filter>
    <Filter Include="Source\Printer\Internal">
      <UniqueIdentifier>{fd100c6a-c473-4f7d-9f75-1efbc6fe9605}</UniqueIdentifier>
    </Filter>
    <Filter Include="Headers\Parser\Internal">
      <UniqueIdentifier>{1d4e0626-dee6-43a2-9a54-f7f762d2c705}</UniqueIdentifier>
    </Filter>
    <Filter Include="Headers\Parser\Internal\Functions">
      <UniqueIdentifier>{c7acb52a-a149-4108-a41b-f06cffa7921d}</UniqueIdentifier>
    </Filter>
    <Filter Include="Headers\Printer\Display">
      <UniqueIdentifier>{14b3834d-9cd4-446a-9c92-05098fbdb47d}</UniqueIdentifier>
    </Filter>
    <Filter Include="Source\Printer\Display">
      <UniqueIdentifier>{c2f801dc-7b4b-4d78-8992-d45dfb11bea1}</UniqueIdentifier>
    </Filter>
  </ItemGroup>
  <ItemGroup>
    <ClInclude Include="$(MSBuildThisFileDirectory)ExpTree.h">
      <Filter>Headers\ExpTree</Filter>
    </ClInclude>
    <ClInclude Include="$(MSBuildThisFileDirectory)ExpNode.h">
      <Filter>Headers\ExpTree\Nodes</Filter>
    </ClInclude>
    <ClInclude Include="$(MSBuildThisFileDirectory)VarValueNode.h">
      <Filter>Headers\ExpTree\Nodes\Values</Filter>
    </ClInclude>
    <ClInclude Include="$(MSBuildThisFileDirectory)ValueNode.h">
      <Filter>Headers\ExpTree\Nodes\Values</Filter>
    </ClInclude>
    <ClInclude Include="$(MSBuildThisFileDirectory)FValueNode.h">
      <Filter>Headers\ExpTree\Nodes\Values</Filter>
    </ClInclude>
    <ClInclude Include="$(MSBuildThisFileDirectory)IValueNode.h">
      <Filter>Headers\ExpTree\Nodes\Values</Filter>
    </ClInclude>
    <ClInclude Include="$(MSBuildThisFileDirectory)BOperNode.h">
      <Filter>Headers\ExpTree\Nodes\Operators</Filter>
    </ClInclude>
    <ClInclude Include="$(MSBuildThisFileDirectory)NOperNode.h">
      <Filter>Headers\ExpTree\Nodes\Operators</Filter>
    </ClInclude>
    <ClInclude Include="$(MSBuildThisFileDirectory)OperNode.h">
      <Filter>Headers\ExpTree\Nodes\Operators</Filter>
    </ClInclude>
    <ClInclude Include="$(MSBuildThisFileDirectory)UOperNode.h">
      <Filter>Headers\ExpTree\Nodes\Operators</Filter>
    </ClInclude>
    <ClInclude Include="$(MSBuildThisFileDirectory)IFuncParser.h">
      <Filter>Headers\Parser\Internal\Functions</Filter>
    </ClInclude>
    <ClInclude Include="$(MSBuildThisFileDirectory)SinusoidalFuncParser.h">
      <Filter>Headers\Parser\Internal\Functions</Filter>
    </ClInclude>
    <ClInclude Include="$(MSBuildThisFileDirectory)DiffFuncParser.h">
      <Filter>Headers\Parser\Internal\Functions</Filter>
    </ClInclude>
    <ClInclude Include="$(MSBuildThisFileDirectory)DiffOperNode.h">
      <Filter>Headers\ExpTree\Nodes\Operators\Functions</Filter>
    </ClInclude>
    <ClInclude Include="$(MSBuildThisFileDirectory)AdditiveTerm.h">
      <Filter>Headers\ExpTree\Terms</Filter>
    </ClInclude>
    <ClInclude Include="$(MSBuildThisFileDirectory)MultiplicativeTerm.h">
      <Filter>Headers\ExpTree\Terms</Filter>
    </ClInclude>
    <ClInclude Include="$(MSBuildThisFileDirectory)IPrinter.h">
      <Filter>Headers\Printer</Filter>
    </ClInclude>
    <ClInclude Include="$(MSBuildThisFileDirectory)IOperation.h">
      <Filter>Headers\Operations</Filter>
    </ClInclude>
    <ClInclude Include="$(MSBuildThisFileDirectory)Simplify.h">
      <Filter>Headers\Operations</Filter>
    </ClInclude>
    <ClInclude Include="$(MSBuildThisFileDirectory)Differentiator.h">
      <Filter>Headers\Operations</Filter>
    </ClInclude>
    <ClInclude Include="$(MSBuildThisFileDirectory)BranchNode.h">
      <Filter>Headers\ExpTree\Nodes</Filter>
    </ClInclude>
    <ClInclude Include="$(MSBuildThisFileDirectory)EnumerableCollectionNode.h">
      <Filter>Headers\ExpTree\Nodes\Collections</Filter>
    </ClInclude>
    <ClInclude Include="$(MSBuildThisFileDirectory)TensorNode.h">
      <Filter>Headers\ExpTree\Nodes\Collections</Filter>
    </ClInclude>
    <ClInclude Include="$(MSBuildThisFileDirectory)VectorParser.h">
      <Filter>Headers\Parser\Internal\Functions</Filter>
    </ClInclude>
    <ClInclude Include="$(MSBuildThisFileDirectory)InternalParser.h">
      <Filter>Headers\Parser\Internal</Filter>
    </ClInclude>
    <ClInclude Include="$(MSBuildThisFileDirectory)InternalPrinter.h">
      <Filter>Headers\Printer\Internal</Filter>
    </ClInclude>
    <ClInclude Include="$(MSBuildThisFileDirectory)DisplayPrinter.h">
      <Filter>Headers\Printer\Display</Filter>
    </ClInclude>
  </ItemGroup>
  <ItemGroup>
    <ClCompile Include="$(MSBuildThisFileDirectory)ExpTree.cpp">
      <Filter>Source\ExpTree</Filter>
    </ClCompile>
    <ClCompile Include="$(MSBuildThisFileDirectory)ExpNode.cpp">
      <Filter>Source\ExpTree\Nodes</Filter>
    </ClCompile>
    <ClCompile Include="$(MSBuildThisFileDirectory)FValueNode.cpp">
      <Filter>Source\ExpTree\Nodes\Values</Filter>
    </ClCompile>
    <ClCompile Include="$(MSBuildThisFileDirectory)IValueNode.cpp">
      <Filter>Source\ExpTree\Nodes\Values</Filter>
    </ClCompile>
    <ClCompile Include="$(MSBuildThisFileDirectory)VarValueNode.cpp">
      <Filter>Source\ExpTree\Nodes\Values</Filter>
    </ClCompile>
    <ClCompile Include="$(MSBuildThisFileDirectory)ValueNode.cpp">
      <Filter>Source\ExpTree\Nodes\Values</Filter>
    </ClCompile>
    <ClCompile Include="$(MSBuildThisFileDirectory)BOperNode.cpp">
      <Filter>Source\ExpTree\Nodes\Operators</Filter>
    </ClCompile>
    <ClCompile Include="$(MSBuildThisFileDirectory)NOperNode.cpp">
      <Filter>Source\ExpTree\Nodes\Operators</Filter>
    </ClCompile>
    <ClCompile Include="$(MSBuildThisFileDirectory)OperNode.cpp">
      <Filter>Source\ExpTree\Nodes\Operators</Filter>
    </ClCompile>
    <ClCompile Include="$(MSBuildThisFileDirectory)UOperNode.cpp">
      <Filter>Source\ExpTree\Nodes\Operators</Filter>
    </ClCompile>
    <ClCompile Include="$(MSBuildThisFileDirectory)SinusoidalFuncParser.cpp">
      <Filter>Source\Parser\Internal\Functions</Filter>
    </ClCompile>
    <ClCompile Include="$(MSBuildThisFileDirectory)DiffFuncParser.cpp">
      <Filter>Source\Parser\Internal\Functions</Filter>
    </ClCompile>
    <ClCompile Include="$(MSBuildThisFileDirectory)DiffOperNode.cpp">
      <Filter>Source\ExpTree\Nodes\Operators\Functions</Filter>
    </ClCompile>
    <ClCompile Include="$(MSBuildThisFileDirectory)AdditiveTerm.cpp">
      <Filter>Source\ExpTree\Terms</Filter>
    </ClCompile>
    <ClCompile Include="$(MSBuildThisFileDirectory)MultiplicativeTerm.cpp">
      <Filter>Source\ExpTree\Terms</Filter>
    </ClCompile>
    <ClCompile Include="$(MSBuildThisFileDirectory)Simplify.cpp">
      <Filter>Source\Operations</Filter>
    </ClCompile>
    <ClCompile Include="$(MSBuildThisFileDirectory)Differentiator.cpp">
      <Filter>Source\Operations</Filter>
    </ClCompile>
    <ClCompile Include="$(MSBuildThisFileDirectory)EnumerableCollectionNode.cpp">
      <Filter>Source\ExpTree\Nodes\Collections</Filter>
    </ClCompile>
    <ClCompile Include="$(MSBuildThisFileDirectory)TensorNode.cpp">
      <Filter>Source\ExpTree\Nodes\Collections</Filter>
    </ClCompile>
    <ClCompile Include="$(MSBuildThisFileDirectory)BranchNode.cpp">
      <Filter>Source\ExpTree\Nodes</Filter>
    </ClCompile>
    <ClCompile Include="$(MSBuildThisFileDirectory)InternalParser.cpp">
      <Filter>Source\Parser\Internal</Filter>
    </ClCompile>
    <ClCompile Include="$(MSBuildThisFileDirectory)InternalPrinter.cpp">
      <Filter>Source\Printer\Internal</Filter>
    </ClCompile>
    <ClCompile Include="$(MSBuildThisFileDirectory)DisplayPrinter.cpp">
      <Filter>Source\Printer\Display</Filter>
    </ClCompile>
    <ClCompile Include="$(MSBuildThisFileDirectory)VectorParser.cpp">
      <Filter>Source\Parser\Internal\Functions</Filter>
    </ClCompile>
  </ItemGroup>
</Project>