
Microsoft Visual Studio Solution File, Format Version 12.00
# Visual Studio Version 16
VisualStudioVersion = 16.0.29613.14
MinimumVisualStudioVersion = 10.0.40219.1
Project("{2150E333-8FDC-42A3-9474-1A3956D46DE8}") = "Libs", "Libs", "{D9310C2E-11B3-49D8-82E4-CBC4040BCB70}"
EndProject
Project("{2150E333-8FDC-42A3-9474-1A3956D46DE8}") = "Tests", "Tests", "{1502F779-BA71-4D42-B67E-251F71ED1593}"
EndProject
Project("{2150E333-8FDC-42A3-9474-1A3956D46DE8}") = "Clients", "Clients", "{1E8D9D05-7443-446F-856F-0C1291232A5A}"
EndProject
Project("{2150E333-8FDC-42A3-9474-1A3956D46DE8}") = "Console", "Console", "{58A05C73-EDDE-4BBE-959D-95503FEB2E49}"
EndProject
Project("{2150E333-8FDC-42A3-9474-1A3956D46DE8}") = "App", "App", "{D0B180C6-1B6F-43FD-AD90-91E04B00C4E8}"
EndProject
Project("{8BC9CEB8-8B4A-11D0-8D11-00A0C91BC942}") = "Calculator", "src\Library\Calculator\Calculator.vcxitems", "{FEA44308-338D-4FF7-B3B7-EFD2960278D2}"
EndProject
Project("{8BC9CEB8-8B4A-11D0-8D11-00A0C91BC942}") = "Calculator.GenericConsole", "src\Clients\Consoles\Calculator.GenericConsole\Calculator.GenericConsole.vcxproj", "{8040748E-1F86-4DA6-8058-4FF02A92E0AE}"
EndProject
Project("{8BC9CEB8-8B4A-11D0-8D11-00A0C91BC942}") = "Calculator.Tests", "tests\Calculator.Tests\Calculator.Tests.vcxproj", "{322CD08F-A6BE-472D-B32A-55D51D684BF8}"
EndProject
Project("{2150E333-8FDC-42A3-9474-1A3956D46DE8}") = "Platforms", "Platforms", "{4003948A-E114-4580-A2D2-31BA6B729280}"
EndProject
Project("{D954291E-2A0B-460D-934E-DC6B0785DB48}") = "Calculator.Apps.UnoApp", "src\Clients\Apps\UnoApp\Calculator.Apps.UnoApp.Shared\Calculator.Apps.UnoApp.shproj", "{6279C845-92F8-4333-AB99-3D213163593C}"
EndProject
Project("{FAE04EC0-301F-11D3-BF4B-00C04F79EFBC}") = "Calculator.Apps.UnoApp.Droid", "src\Clients\Apps\UnoApp\Platforms\Calculator.Apps.UnoApp.Droid\Calculator.Apps.UnoApp.Droid.csproj", "{72A20B45-54DC-44A3-A67F-6868C41BDCC4}"
EndProject
Project("{FAE04EC0-301F-11D3-BF4B-00C04F79EFBC}") = "Calculator.Apps.UnoApp.iOS", "src\Clients\Apps\UnoApp\Platforms\Calculator.Apps.UnoApp.iOS\Calculator.Apps.UnoApp.iOS.csproj", "{87C2FDAF-BEAB-4881-A023-FEB5AD256792}"
EndProject
Project("{FAE04EC0-301F-11D3-BF4B-00C04F79EFBC}") = "Calculator.Apps.UnoApp.macOS", "src\Clients\Apps\UnoApp\Platforms\Calculator.Apps.UnoApp.macOS\Calculator.Apps.UnoApp.macOS.csproj", "{E88A8599-952F-44A4-813E-CECC599FF67D}"
EndProject
Project("{FAE04EC0-301F-11D3-BF4B-00C04F79EFBC}") = "Calculator.Apps.UnoApp.UWP", "src\Clients\Apps\UnoApp\Platforms\Calculator.Apps.UnoApp.UWP\Calculator.Apps.UnoApp.UWP.csproj", "{573CF162-8E18-40C4-A815-8DCCB665F814}"
EndProject
Project("{9A19103F-16F7-4668-BE54-9A1E7A4F7556}") = "Calculator.Apps.UnoApp.Wasm", "src\Clients\Apps\UnoApp\Platforms\Calculator.Apps.UnoApp.Wasm\Calculator.Apps.UnoApp.Wasm.csproj", "{A38B5D70-EF4C-4BF4-918D-82BF63DAF2E3}"
EndProject
Project("{2150E333-8FDC-42A3-9474-1A3956D46DE8}") = "Uno", "Uno", "{CECAE720-11D8-4EF2-923D-C7EBEFF63F90}"
EndProject
Project("{8BC9CEB8-8B4A-11D0-8D11-00A0C91BC942}") = "Calculator.Apps.UnoApp.CalculatorInterface", "Calculator.Apps.UnoApp.CalculatorInterface\Calculator.Apps.UnoApp.CalculatorInterface.vcxproj", "{63F21C18-8F4D-4EBD-8C85-671DB4C6C9B5}"
EndProject
Global
	GlobalSection(SharedMSBuildProjectFiles) = preSolution
		src\Library\Calculator\Calculator.vcxitems*{322cd08f-a6be-472d-b32a-55d51d684bf8}*SharedItemsImports = 4
		src\Clients\Apps\UnoApp\Calculator.Apps.UnoApp.Shared\Calculator.Apps.UnoApp.Shared.projitems*{6279c845-92f8-4333-ab99-3d213163593c}*SharedItemsImports = 13
		src\Library\Calculator\Calculator.vcxitems*{63f21c18-8f4d-4ebd-8c85-671db4c6c9b5}*SharedItemsImports = 4
		src\Library\Calculator\Calculator.vcxitems*{8040748e-1f86-4da6-8058-4ff02a92e0ae}*SharedItemsImports = 4
		src\Library\Calculator\Calculator.vcxitems*{fea44308-338d-4ff7-b3b7-efd2960278d2}*SharedItemsImports = 9
	EndGlobalSection
	GlobalSection(SolutionConfigurationPlatforms) = preSolution
		Ad-Hoc|Any CPU = Ad-Hoc|Any CPU
		Ad-Hoc|ARM = Ad-Hoc|ARM
		Ad-Hoc|ARM64 = Ad-Hoc|ARM64
		Ad-Hoc|iPhone = Ad-Hoc|iPhone
		Ad-Hoc|iPhoneSimulator = Ad-Hoc|iPhoneSimulator
		Ad-Hoc|x64 = Ad-Hoc|x64
		Ad-Hoc|x86 = Ad-Hoc|x86
		AppStore|Any CPU = AppStore|Any CPU
		AppStore|ARM = AppStore|ARM
		AppStore|ARM64 = AppStore|ARM64
		AppStore|iPhone = AppStore|iPhone
		AppStore|iPhoneSimulator = AppStore|iPhoneSimulator
		AppStore|x64 = AppStore|x64
		AppStore|x86 = AppStore|x86
		Debug|Any CPU = Debug|Any CPU
		Debug|ARM = Debug|ARM
		Debug|ARM64 = Debug|ARM64
		Debug|iPhone = Debug|iPhone
		Debug|iPhoneSimulator = Debug|iPhoneSimulator
		Debug|x64 = Debug|x64
		Debug|x86 = Debug|x86
		Release|Any CPU = Release|Any CPU
		Release|ARM = Release|ARM
		Release|ARM64 = Release|ARM64
		Release|iPhone = Release|iPhone
		Release|iPhoneSimulator = Release|iPhoneSimulator
		Release|x64 = Release|x64
		Release|x86 = Release|x86
	EndGlobalSection
	GlobalSection(ProjectConfigurationPlatforms) = postSolution
		{8040748E-1F86-4DA6-8058-4FF02A92E0AE}.Ad-Hoc|Any CPU.ActiveCfg = Release|x64
		{8040748E-1F86-4DA6-8058-4FF02A92E0AE}.Ad-Hoc|Any CPU.Build.0 = Release|x64
		{8040748E-1F86-4DA6-8058-4FF02A92E0AE}.Ad-Hoc|ARM.ActiveCfg = Release|x64
		{8040748E-1F86-4DA6-8058-4FF02A92E0AE}.Ad-Hoc|ARM.Build.0 = Release|x64
		{8040748E-1F86-4DA6-8058-4FF02A92E0AE}.Ad-Hoc|ARM64.ActiveCfg = Release|x64
		{8040748E-1F86-4DA6-8058-4FF02A92E0AE}.Ad-Hoc|ARM64.Build.0 = Release|x64
		{8040748E-1F86-4DA6-8058-4FF02A92E0AE}.Ad-Hoc|iPhone.ActiveCfg = Release|x64
		{8040748E-1F86-4DA6-8058-4FF02A92E0AE}.Ad-Hoc|iPhone.Build.0 = Release|x64
		{8040748E-1F86-4DA6-8058-4FF02A92E0AE}.Ad-Hoc|iPhoneSimulator.ActiveCfg = Release|x64
		{8040748E-1F86-4DA6-8058-4FF02A92E0AE}.Ad-Hoc|iPhoneSimulator.Build.0 = Release|x64
		{8040748E-1F86-4DA6-8058-4FF02A92E0AE}.Ad-Hoc|x64.ActiveCfg = Release|x64
		{8040748E-1F86-4DA6-8058-4FF02A92E0AE}.Ad-Hoc|x64.Build.0 = Release|x64
		{8040748E-1F86-4DA6-8058-4FF02A92E0AE}.Ad-Hoc|x86.ActiveCfg = Release|Win32
		{8040748E-1F86-4DA6-8058-4FF02A92E0AE}.Ad-Hoc|x86.Build.0 = Release|Win32
		{8040748E-1F86-4DA6-8058-4FF02A92E0AE}.AppStore|Any CPU.ActiveCfg = Release|x64
		{8040748E-1F86-4DA6-8058-4FF02A92E0AE}.AppStore|Any CPU.Build.0 = Release|x64
		{8040748E-1F86-4DA6-8058-4FF02A92E0AE}.AppStore|ARM.ActiveCfg = Release|x64
		{8040748E-1F86-4DA6-8058-4FF02A92E0AE}.AppStore|ARM.Build.0 = Release|x64
		{8040748E-1F86-4DA6-8058-4FF02A92E0AE}.AppStore|ARM64.ActiveCfg = Release|x64
		{8040748E-1F86-4DA6-8058-4FF02A92E0AE}.AppStore|ARM64.Build.0 = Release|x64
		{8040748E-1F86-4DA6-8058-4FF02A92E0AE}.AppStore|iPhone.ActiveCfg = Release|x64
		{8040748E-1F86-4DA6-8058-4FF02A92E0AE}.AppStore|iPhone.Build.0 = Release|x64
		{8040748E-1F86-4DA6-8058-4FF02A92E0AE}.AppStore|iPhoneSimulator.ActiveCfg = Release|x64
		{8040748E-1F86-4DA6-8058-4FF02A92E0AE}.AppStore|iPhoneSimulator.Build.0 = Release|x64
		{8040748E-1F86-4DA6-8058-4FF02A92E0AE}.AppStore|x64.ActiveCfg = Release|x64
		{8040748E-1F86-4DA6-8058-4FF02A92E0AE}.AppStore|x64.Build.0 = Release|x64
		{8040748E-1F86-4DA6-8058-4FF02A92E0AE}.AppStore|x86.ActiveCfg = Release|Win32
		{8040748E-1F86-4DA6-8058-4FF02A92E0AE}.AppStore|x86.Build.0 = Release|Win32
		{8040748E-1F86-4DA6-8058-4FF02A92E0AE}.Debug|Any CPU.ActiveCfg = Debug|Win32
		{8040748E-1F86-4DA6-8058-4FF02A92E0AE}.Debug|ARM.ActiveCfg = Debug|Win32
		{8040748E-1F86-4DA6-8058-4FF02A92E0AE}.Debug|ARM64.ActiveCfg = Debug|Win32
		{8040748E-1F86-4DA6-8058-4FF02A92E0AE}.Debug|iPhone.ActiveCfg = Debug|Win32
		{8040748E-1F86-4DA6-8058-4FF02A92E0AE}.Debug|iPhoneSimulator.ActiveCfg = Debug|Win32
		{8040748E-1F86-4DA6-8058-4FF02A92E0AE}.Debug|x64.ActiveCfg = Debug|x64
		{8040748E-1F86-4DA6-8058-4FF02A92E0AE}.Debug|x64.Build.0 = Debug|x64
		{8040748E-1F86-4DA6-8058-4FF02A92E0AE}.Debug|x86.ActiveCfg = Debug|Win32
		{8040748E-1F86-4DA6-8058-4FF02A92E0AE}.Debug|x86.Build.0 = Debug|Win32
		{8040748E-1F86-4DA6-8058-4FF02A92E0AE}.Release|Any CPU.ActiveCfg = Release|Win32
		{8040748E-1F86-4DA6-8058-4FF02A92E0AE}.Release|ARM.ActiveCfg = Release|Win32
		{8040748E-1F86-4DA6-8058-4FF02A92E0AE}.Release|ARM64.ActiveCfg = Release|Win32
		{8040748E-1F86-4DA6-8058-4FF02A92E0AE}.Release|iPhone.ActiveCfg = Release|Win32
		{8040748E-1F86-4DA6-8058-4FF02A92E0AE}.Release|iPhoneSimulator.ActiveCfg = Release|Win32
		{8040748E-1F86-4DA6-8058-4FF02A92E0AE}.Release|x64.ActiveCfg = Release|x64
		{8040748E-1F86-4DA6-8058-4FF02A92E0AE}.Release|x64.Build.0 = Release|x64
		{8040748E-1F86-4DA6-8058-4FF02A92E0AE}.Release|x86.ActiveCfg = Release|Win32
		{8040748E-1F86-4DA6-8058-4FF02A92E0AE}.Release|x86.Build.0 = Release|Win32
		{322CD08F-A6BE-472D-B32A-55D51D684BF8}.Ad-Hoc|Any CPU.ActiveCfg = Release|x64
		{322CD08F-A6BE-472D-B32A-55D51D684BF8}.Ad-Hoc|Any CPU.Build.0 = Release|x64
		{322CD08F-A6BE-472D-B32A-55D51D684BF8}.Ad-Hoc|ARM.ActiveCfg = Release|x64
		{322CD08F-A6BE-472D-B32A-55D51D684BF8}.Ad-Hoc|ARM.Build.0 = Release|x64
		{322CD08F-A6BE-472D-B32A-55D51D684BF8}.Ad-Hoc|ARM64.ActiveCfg = Release|x64
		{322CD08F-A6BE-472D-B32A-55D51D684BF8}.Ad-Hoc|ARM64.Build.0 = Release|x64
		{322CD08F-A6BE-472D-B32A-55D51D684BF8}.Ad-Hoc|iPhone.ActiveCfg = Release|x64
		{322CD08F-A6BE-472D-B32A-55D51D684BF8}.Ad-Hoc|iPhone.Build.0 = Release|x64
		{322CD08F-A6BE-472D-B32A-55D51D684BF8}.Ad-Hoc|iPhoneSimulator.ActiveCfg = Release|x64
		{322CD08F-A6BE-472D-B32A-55D51D684BF8}.Ad-Hoc|iPhoneSimulator.Build.0 = Release|x64
		{322CD08F-A6BE-472D-B32A-55D51D684BF8}.Ad-Hoc|x64.ActiveCfg = Release|x64
		{322CD08F-A6BE-472D-B32A-55D51D684BF8}.Ad-Hoc|x64.Build.0 = Release|x64
		{322CD08F-A6BE-472D-B32A-55D51D684BF8}.Ad-Hoc|x86.ActiveCfg = Release|Win32
		{322CD08F-A6BE-472D-B32A-55D51D684BF8}.Ad-Hoc|x86.Build.0 = Release|Win32
		{322CD08F-A6BE-472D-B32A-55D51D684BF8}.AppStore|Any CPU.ActiveCfg = Release|x64
		{322CD08F-A6BE-472D-B32A-55D51D684BF8}.AppStore|Any CPU.Build.0 = Release|x64
		{322CD08F-A6BE-472D-B32A-55D51D684BF8}.AppStore|ARM.ActiveCfg = Release|x64
		{322CD08F-A6BE-472D-B32A-55D51D684BF8}.AppStore|ARM.Build.0 = Release|x64
		{322CD08F-A6BE-472D-B32A-55D51D684BF8}.AppStore|ARM64.ActiveCfg = Release|x64
		{322CD08F-A6BE-472D-B32A-55D51D684BF8}.AppStore|ARM64.Build.0 = Release|x64
		{322CD08F-A6BE-472D-B32A-55D51D684BF8}.AppStore|iPhone.ActiveCfg = Release|x64
		{322CD08F-A6BE-472D-B32A-55D51D684BF8}.AppStore|iPhone.Build.0 = Release|x64
		{322CD08F-A6BE-472D-B32A-55D51D684BF8}.AppStore|iPhoneSimulator.ActiveCfg = Release|x64
		{322CD08F-A6BE-472D-B32A-55D51D684BF8}.AppStore|iPhoneSimulator.Build.0 = Release|x64
		{322CD08F-A6BE-472D-B32A-55D51D684BF8}.AppStore|x64.ActiveCfg = Release|x64
		{322CD08F-A6BE-472D-B32A-55D51D684BF8}.AppStore|x64.Build.0 = Release|x64
		{322CD08F-A6BE-472D-B32A-55D51D684BF8}.AppStore|x86.ActiveCfg = Release|Win32
		{322CD08F-A6BE-472D-B32A-55D51D684BF8}.AppStore|x86.Build.0 = Release|Win32
		{322CD08F-A6BE-472D-B32A-55D51D684BF8}.Debug|Any CPU.ActiveCfg = Debug|Win32
		{322CD08F-A6BE-472D-B32A-55D51D684BF8}.Debug|ARM.ActiveCfg = Debug|Win32
		{322CD08F-A6BE-472D-B32A-55D51D684BF8}.Debug|ARM64.ActiveCfg = Debug|Win32
		{322CD08F-A6BE-472D-B32A-55D51D684BF8}.Debug|iPhone.ActiveCfg = Debug|Win32
		{322CD08F-A6BE-472D-B32A-55D51D684BF8}.Debug|iPhoneSimulator.ActiveCfg = Debug|Win32
		{322CD08F-A6BE-472D-B32A-55D51D684BF8}.Debug|x64.ActiveCfg = Debug|x64
		{322CD08F-A6BE-472D-B32A-55D51D684BF8}.Debug|x64.Build.0 = Debug|x64
		{322CD08F-A6BE-472D-B32A-55D51D684BF8}.Debug|x86.ActiveCfg = Debug|Win32
		{322CD08F-A6BE-472D-B32A-55D51D684BF8}.Debug|x86.Build.0 = Debug|Win32
		{322CD08F-A6BE-472D-B32A-55D51D684BF8}.Release|Any CPU.ActiveCfg = Release|Win32
		{322CD08F-A6BE-472D-B32A-55D51D684BF8}.Release|ARM.ActiveCfg = Release|Win32
		{322CD08F-A6BE-472D-B32A-55D51D684BF8}.Release|ARM64.ActiveCfg = Release|Win32
		{322CD08F-A6BE-472D-B32A-55D51D684BF8}.Release|iPhone.ActiveCfg = Release|Win32
		{322CD08F-A6BE-472D-B32A-55D51D684BF8}.Release|iPhoneSimulator.ActiveCfg = Release|Win32
		{322CD08F-A6BE-472D-B32A-55D51D684BF8}.Release|x64.ActiveCfg = Release|x64
		{322CD08F-A6BE-472D-B32A-55D51D684BF8}.Release|x64.Build.0 = Release|x64
		{322CD08F-A6BE-472D-B32A-55D51D684BF8}.Release|x86.ActiveCfg = Release|Win32
		{322CD08F-A6BE-472D-B32A-55D51D684BF8}.Release|x86.Build.0 = Release|Win32
		{72A20B45-54DC-44A3-A67F-6868C41BDCC4}.Ad-Hoc|Any CPU.ActiveCfg = Release|Any CPU
		{72A20B45-54DC-44A3-A67F-6868C41BDCC4}.Ad-Hoc|Any CPU.Build.0 = Release|Any CPU
		{72A20B45-54DC-44A3-A67F-6868C41BDCC4}.Ad-Hoc|Any CPU.Deploy.0 = Release|Any CPU
		{72A20B45-54DC-44A3-A67F-6868C41BDCC4}.Ad-Hoc|ARM.ActiveCfg = Release|Any CPU
		{72A20B45-54DC-44A3-A67F-6868C41BDCC4}.Ad-Hoc|ARM.Build.0 = Release|Any CPU
		{72A20B45-54DC-44A3-A67F-6868C41BDCC4}.Ad-Hoc|ARM.Deploy.0 = Release|Any CPU
		{72A20B45-54DC-44A3-A67F-6868C41BDCC4}.Ad-Hoc|ARM64.ActiveCfg = Release|Any CPU
		{72A20B45-54DC-44A3-A67F-6868C41BDCC4}.Ad-Hoc|ARM64.Build.0 = Release|Any CPU
		{72A20B45-54DC-44A3-A67F-6868C41BDCC4}.Ad-Hoc|ARM64.Deploy.0 = Release|Any CPU
		{72A20B45-54DC-44A3-A67F-6868C41BDCC4}.Ad-Hoc|iPhone.ActiveCfg = Release|Any CPU
		{72A20B45-54DC-44A3-A67F-6868C41BDCC4}.Ad-Hoc|iPhone.Build.0 = Release|Any CPU
		{72A20B45-54DC-44A3-A67F-6868C41BDCC4}.Ad-Hoc|iPhone.Deploy.0 = Release|Any CPU
		{72A20B45-54DC-44A3-A67F-6868C41BDCC4}.Ad-Hoc|iPhoneSimulator.ActiveCfg = Release|Any CPU
		{72A20B45-54DC-44A3-A67F-6868C41BDCC4}.Ad-Hoc|iPhoneSimulator.Build.0 = Release|Any CPU
		{72A20B45-54DC-44A3-A67F-6868C41BDCC4}.Ad-Hoc|iPhoneSimulator.Deploy.0 = Release|Any CPU
		{72A20B45-54DC-44A3-A67F-6868C41BDCC4}.Ad-Hoc|x64.ActiveCfg = Release|Any CPU
		{72A20B45-54DC-44A3-A67F-6868C41BDCC4}.Ad-Hoc|x64.Build.0 = Release|Any CPU
		{72A20B45-54DC-44A3-A67F-6868C41BDCC4}.Ad-Hoc|x64.Deploy.0 = Release|Any CPU
		{72A20B45-54DC-44A3-A67F-6868C41BDCC4}.Ad-Hoc|x86.ActiveCfg = Release|Any CPU
		{72A20B45-54DC-44A3-A67F-6868C41BDCC4}.Ad-Hoc|x86.Build.0 = Release|Any CPU
		{72A20B45-54DC-44A3-A67F-6868C41BDCC4}.Ad-Hoc|x86.Deploy.0 = Release|Any CPU
		{72A20B45-54DC-44A3-A67F-6868C41BDCC4}.AppStore|Any CPU.ActiveCfg = Release|Any CPU
		{72A20B45-54DC-44A3-A67F-6868C41BDCC4}.AppStore|Any CPU.Build.0 = Release|Any CPU
		{72A20B45-54DC-44A3-A67F-6868C41BDCC4}.AppStore|Any CPU.Deploy.0 = Release|Any CPU
		{72A20B45-54DC-44A3-A67F-6868C41BDCC4}.AppStore|ARM.ActiveCfg = Release|Any CPU
		{72A20B45-54DC-44A3-A67F-6868C41BDCC4}.AppStore|ARM.Build.0 = Release|Any CPU
		{72A20B45-54DC-44A3-A67F-6868C41BDCC4}.AppStore|ARM.Deploy.0 = Release|Any CPU
		{72A20B45-54DC-44A3-A67F-6868C41BDCC4}.AppStore|ARM64.ActiveCfg = Release|Any CPU
		{72A20B45-54DC-44A3-A67F-6868C41BDCC4}.AppStore|ARM64.Build.0 = Release|Any CPU
		{72A20B45-54DC-44A3-A67F-6868C41BDCC4}.AppStore|ARM64.Deploy.0 = Release|Any CPU
		{72A20B45-54DC-44A3-A67F-6868C41BDCC4}.AppStore|iPhone.ActiveCfg = Release|Any CPU
		{72A20B45-54DC-44A3-A67F-6868C41BDCC4}.AppStore|iPhone.Build.0 = Release|Any CPU
		{72A20B45-54DC-44A3-A67F-6868C41BDCC4}.AppStore|iPhone.Deploy.0 = Release|Any CPU
		{72A20B45-54DC-44A3-A67F-6868C41BDCC4}.AppStore|iPhoneSimulator.ActiveCfg = Release|Any CPU
		{72A20B45-54DC-44A3-A67F-6868C41BDCC4}.AppStore|iPhoneSimulator.Build.0 = Release|Any CPU
		{72A20B45-54DC-44A3-A67F-6868C41BDCC4}.AppStore|iPhoneSimulator.Deploy.0 = Release|Any CPU
		{72A20B45-54DC-44A3-A67F-6868C41BDCC4}.AppStore|x64.ActiveCfg = Release|Any CPU
		{72A20B45-54DC-44A3-A67F-6868C41BDCC4}.AppStore|x64.Build.0 = Release|Any CPU
		{72A20B45-54DC-44A3-A67F-6868C41BDCC4}.AppStore|x64.Deploy.0 = Release|Any CPU
		{72A20B45-54DC-44A3-A67F-6868C41BDCC4}.AppStore|x86.ActiveCfg = Release|Any CPU
		{72A20B45-54DC-44A3-A67F-6868C41BDCC4}.AppStore|x86.Build.0 = Release|Any CPU
		{72A20B45-54DC-44A3-A67F-6868C41BDCC4}.AppStore|x86.Deploy.0 = Release|Any CPU
		{72A20B45-54DC-44A3-A67F-6868C41BDCC4}.Debug|Any CPU.ActiveCfg = Debug|Any CPU
		{72A20B45-54DC-44A3-A67F-6868C41BDCC4}.Debug|Any CPU.Build.0 = Debug|Any CPU
		{72A20B45-54DC-44A3-A67F-6868C41BDCC4}.Debug|Any CPU.Deploy.0 = Debug|Any CPU
		{72A20B45-54DC-44A3-A67F-6868C41BDCC4}.Debug|ARM.ActiveCfg = Debug|Any CPU
		{72A20B45-54DC-44A3-A67F-6868C41BDCC4}.Debug|ARM.Build.0 = Debug|Any CPU
		{72A20B45-54DC-44A3-A67F-6868C41BDCC4}.Debug|ARM.Deploy.0 = Debug|Any CPU
		{72A20B45-54DC-44A3-A67F-6868C41BDCC4}.Debug|ARM64.ActiveCfg = Debug|Any CPU
		{72A20B45-54DC-44A3-A67F-6868C41BDCC4}.Debug|ARM64.Build.0 = Debug|Any CPU
		{72A20B45-54DC-44A3-A67F-6868C41BDCC4}.Debug|ARM64.Deploy.0 = Debug|Any CPU
		{72A20B45-54DC-44A3-A67F-6868C41BDCC4}.Debug|iPhone.ActiveCfg = Debug|Any CPU
		{72A20B45-54DC-44A3-A67F-6868C41BDCC4}.Debug|iPhone.Build.0 = Debug|Any CPU
		{72A20B45-54DC-44A3-A67F-6868C41BDCC4}.Debug|iPhone.Deploy.0 = Debug|Any CPU
		{72A20B45-54DC-44A3-A67F-6868C41BDCC4}.Debug|iPhoneSimulator.ActiveCfg = Debug|Any CPU
		{72A20B45-54DC-44A3-A67F-6868C41BDCC4}.Debug|iPhoneSimulator.Build.0 = Debug|Any CPU
		{72A20B45-54DC-44A3-A67F-6868C41BDCC4}.Debug|iPhoneSimulator.Deploy.0 = Debug|Any CPU
		{72A20B45-54DC-44A3-A67F-6868C41BDCC4}.Debug|x64.ActiveCfg = Debug|Any CPU
		{72A20B45-54DC-44A3-A67F-6868C41BDCC4}.Debug|x64.Build.0 = Debug|Any CPU
		{72A20B45-54DC-44A3-A67F-6868C41BDCC4}.Debug|x64.Deploy.0 = Debug|Any CPU
		{72A20B45-54DC-44A3-A67F-6868C41BDCC4}.Debug|x86.ActiveCfg = Debug|Any CPU
		{72A20B45-54DC-44A3-A67F-6868C41BDCC4}.Debug|x86.Build.0 = Debug|Any CPU
		{72A20B45-54DC-44A3-A67F-6868C41BDCC4}.Debug|x86.Deploy.0 = Debug|Any CPU
		{72A20B45-54DC-44A3-A67F-6868C41BDCC4}.Release|Any CPU.ActiveCfg = Release|Any CPU
		{72A20B45-54DC-44A3-A67F-6868C41BDCC4}.Release|Any CPU.Build.0 = Release|Any CPU
		{72A20B45-54DC-44A3-A67F-6868C41BDCC4}.Release|Any CPU.Deploy.0 = Release|Any CPU
		{72A20B45-54DC-44A3-A67F-6868C41BDCC4}.Release|ARM.ActiveCfg = Release|Any CPU
		{72A20B45-54DC-44A3-A67F-6868C41BDCC4}.Release|ARM.Build.0 = Release|Any CPU
		{72A20B45-54DC-44A3-A67F-6868C41BDCC4}.Release|ARM.Deploy.0 = Release|Any CPU
		{72A20B45-54DC-44A3-A67F-6868C41BDCC4}.Release|ARM64.ActiveCfg = Release|Any CPU
		{72A20B45-54DC-44A3-A67F-6868C41BDCC4}.Release|ARM64.Build.0 = Release|Any CPU
		{72A20B45-54DC-44A3-A67F-6868C41BDCC4}.Release|ARM64.Deploy.0 = Release|Any CPU
		{72A20B45-54DC-44A3-A67F-6868C41BDCC4}.Release|iPhone.ActiveCfg = Release|Any CPU
		{72A20B45-54DC-44A3-A67F-6868C41BDCC4}.Release|iPhone.Build.0 = Release|Any CPU
		{72A20B45-54DC-44A3-A67F-6868C41BDCC4}.Release|iPhone.Deploy.0 = Release|Any CPU
		{72A20B45-54DC-44A3-A67F-6868C41BDCC4}.Release|iPhoneSimulator.ActiveCfg = Release|Any CPU
		{72A20B45-54DC-44A3-A67F-6868C41BDCC4}.Release|iPhoneSimulator.Build.0 = Release|Any CPU
		{72A20B45-54DC-44A3-A67F-6868C41BDCC4}.Release|iPhoneSimulator.Deploy.0 = Release|Any CPU
		{72A20B45-54DC-44A3-A67F-6868C41BDCC4}.Release|x64.ActiveCfg = Release|Any CPU
		{72A20B45-54DC-44A3-A67F-6868C41BDCC4}.Release|x64.Build.0 = Release|Any CPU
		{72A20B45-54DC-44A3-A67F-6868C41BDCC4}.Release|x64.Deploy.0 = Release|Any CPU
		{72A20B45-54DC-44A3-A67F-6868C41BDCC4}.Release|x86.ActiveCfg = Release|Any CPU
		{72A20B45-54DC-44A3-A67F-6868C41BDCC4}.Release|x86.Build.0 = Release|Any CPU
		{72A20B45-54DC-44A3-A67F-6868C41BDCC4}.Release|x86.Deploy.0 = Release|Any CPU
		{87C2FDAF-BEAB-4881-A023-FEB5AD256792}.Ad-Hoc|Any CPU.ActiveCfg = Ad-Hoc|iPhone
		{87C2FDAF-BEAB-4881-A023-FEB5AD256792}.Ad-Hoc|ARM.ActiveCfg = Ad-Hoc|iPhone
		{87C2FDAF-BEAB-4881-A023-FEB5AD256792}.Ad-Hoc|ARM64.ActiveCfg = Ad-Hoc|iPhone
		{87C2FDAF-BEAB-4881-A023-FEB5AD256792}.Ad-Hoc|iPhone.ActiveCfg = Ad-Hoc|iPhone
		{87C2FDAF-BEAB-4881-A023-FEB5AD256792}.Ad-Hoc|iPhone.Build.0 = Ad-Hoc|iPhone
		{87C2FDAF-BEAB-4881-A023-FEB5AD256792}.Ad-Hoc|iPhoneSimulator.ActiveCfg = Ad-Hoc|iPhoneSimulator
		{87C2FDAF-BEAB-4881-A023-FEB5AD256792}.Ad-Hoc|iPhoneSimulator.Build.0 = Ad-Hoc|iPhoneSimulator
		{87C2FDAF-BEAB-4881-A023-FEB5AD256792}.Ad-Hoc|x64.ActiveCfg = Ad-Hoc|iPhone
		{87C2FDAF-BEAB-4881-A023-FEB5AD256792}.Ad-Hoc|x86.ActiveCfg = Ad-Hoc|iPhone
		{87C2FDAF-BEAB-4881-A023-FEB5AD256792}.AppStore|Any CPU.ActiveCfg = AppStore|iPhone
		{87C2FDAF-BEAB-4881-A023-FEB5AD256792}.AppStore|ARM.ActiveCfg = AppStore|iPhone
		{87C2FDAF-BEAB-4881-A023-FEB5AD256792}.AppStore|ARM64.ActiveCfg = AppStore|iPhone
		{87C2FDAF-BEAB-4881-A023-FEB5AD256792}.AppStore|iPhone.ActiveCfg = AppStore|iPhone
		{87C2FDAF-BEAB-4881-A023-FEB5AD256792}.AppStore|iPhone.Build.0 = AppStore|iPhone
		{87C2FDAF-BEAB-4881-A023-FEB5AD256792}.AppStore|iPhoneSimulator.ActiveCfg = AppStore|iPhoneSimulator
		{87C2FDAF-BEAB-4881-A023-FEB5AD256792}.AppStore|iPhoneSimulator.Build.0 = AppStore|iPhoneSimulator
		{87C2FDAF-BEAB-4881-A023-FEB5AD256792}.AppStore|x64.ActiveCfg = AppStore|iPhone
		{87C2FDAF-BEAB-4881-A023-FEB5AD256792}.AppStore|x86.ActiveCfg = AppStore|iPhone
		{87C2FDAF-BEAB-4881-A023-FEB5AD256792}.Debug|Any CPU.ActiveCfg = Debug|iPhone
		{87C2FDAF-BEAB-4881-A023-FEB5AD256792}.Debug|ARM.ActiveCfg = Debug|iPhone
		{87C2FDAF-BEAB-4881-A023-FEB5AD256792}.Debug|ARM64.ActiveCfg = Debug|iPhone
		{87C2FDAF-BEAB-4881-A023-FEB5AD256792}.Debug|iPhone.ActiveCfg = Debug|iPhone
		{87C2FDAF-BEAB-4881-A023-FEB5AD256792}.Debug|iPhone.Build.0 = Debug|iPhone
		{87C2FDAF-BEAB-4881-A023-FEB5AD256792}.Debug|iPhoneSimulator.ActiveCfg = Debug|iPhoneSimulator
		{87C2FDAF-BEAB-4881-A023-FEB5AD256792}.Debug|iPhoneSimulator.Build.0 = Debug|iPhoneSimulator
		{87C2FDAF-BEAB-4881-A023-FEB5AD256792}.Debug|x64.ActiveCfg = Debug|iPhone
		{87C2FDAF-BEAB-4881-A023-FEB5AD256792}.Debug|x86.ActiveCfg = Debug|iPhone
		{87C2FDAF-BEAB-4881-A023-FEB5AD256792}.Release|Any CPU.ActiveCfg = Release|iPhone
		{87C2FDAF-BEAB-4881-A023-FEB5AD256792}.Release|ARM.ActiveCfg = Release|iPhone
		{87C2FDAF-BEAB-4881-A023-FEB5AD256792}.Release|ARM64.ActiveCfg = Release|iPhone
		{87C2FDAF-BEAB-4881-A023-FEB5AD256792}.Release|iPhone.ActiveCfg = Release|iPhone
		{87C2FDAF-BEAB-4881-A023-FEB5AD256792}.Release|iPhone.Build.0 = Release|iPhone
		{87C2FDAF-BEAB-4881-A023-FEB5AD256792}.Release|iPhoneSimulator.ActiveCfg = Release|iPhoneSimulator
		{87C2FDAF-BEAB-4881-A023-FEB5AD256792}.Release|iPhoneSimulator.Build.0 = Release|iPhoneSimulator
		{87C2FDAF-BEAB-4881-A023-FEB5AD256792}.Release|x64.ActiveCfg = Release|iPhone
		{87C2FDAF-BEAB-4881-A023-FEB5AD256792}.Release|x86.ActiveCfg = Release|iPhone
		{E88A8599-952F-44A4-813E-CECC599FF67D}.Ad-Hoc|Any CPU.ActiveCfg = Release|iPhoneSimulator
		{E88A8599-952F-44A4-813E-CECC599FF67D}.Ad-Hoc|Any CPU.Build.0 = Release|iPhoneSimulator
		{E88A8599-952F-44A4-813E-CECC599FF67D}.Ad-Hoc|ARM.ActiveCfg = Release|iPhoneSimulator
		{E88A8599-952F-44A4-813E-CECC599FF67D}.Ad-Hoc|ARM.Build.0 = Release|iPhoneSimulator
		{E88A8599-952F-44A4-813E-CECC599FF67D}.Ad-Hoc|ARM64.ActiveCfg = Release|iPhoneSimulator
		{E88A8599-952F-44A4-813E-CECC599FF67D}.Ad-Hoc|ARM64.Build.0 = Release|iPhoneSimulator
		{E88A8599-952F-44A4-813E-CECC599FF67D}.Ad-Hoc|iPhone.ActiveCfg = Release|iPhoneSimulator
		{E88A8599-952F-44A4-813E-CECC599FF67D}.Ad-Hoc|iPhone.Build.0 = Release|iPhoneSimulator
		{E88A8599-952F-44A4-813E-CECC599FF67D}.Ad-Hoc|iPhoneSimulator.ActiveCfg = Release|iPhoneSimulator
		{E88A8599-952F-44A4-813E-CECC599FF67D}.Ad-Hoc|iPhoneSimulator.Build.0 = Release|iPhoneSimulator
		{E88A8599-952F-44A4-813E-CECC599FF67D}.Ad-Hoc|x64.ActiveCfg = Release|iPhoneSimulator
		{E88A8599-952F-44A4-813E-CECC599FF67D}.Ad-Hoc|x64.Build.0 = Release|iPhoneSimulator
		{E88A8599-952F-44A4-813E-CECC599FF67D}.Ad-Hoc|x86.ActiveCfg = Release|iPhoneSimulator
		{E88A8599-952F-44A4-813E-CECC599FF67D}.Ad-Hoc|x86.Build.0 = Release|iPhoneSimulator
		{E88A8599-952F-44A4-813E-CECC599FF67D}.AppStore|Any CPU.ActiveCfg = Release|iPhoneSimulator
		{E88A8599-952F-44A4-813E-CECC599FF67D}.AppStore|Any CPU.Build.0 = Release|iPhoneSimulator
		{E88A8599-952F-44A4-813E-CECC599FF67D}.AppStore|ARM.ActiveCfg = Release|iPhoneSimulator
		{E88A8599-952F-44A4-813E-CECC599FF67D}.AppStore|ARM.Build.0 = Release|iPhoneSimulator
		{E88A8599-952F-44A4-813E-CECC599FF67D}.AppStore|ARM64.ActiveCfg = Release|iPhoneSimulator
		{E88A8599-952F-44A4-813E-CECC599FF67D}.AppStore|ARM64.Build.0 = Release|iPhoneSimulator
		{E88A8599-952F-44A4-813E-CECC599FF67D}.AppStore|iPhone.ActiveCfg = Release|iPhoneSimulator
		{E88A8599-952F-44A4-813E-CECC599FF67D}.AppStore|iPhone.Build.0 = Release|iPhoneSimulator
		{E88A8599-952F-44A4-813E-CECC599FF67D}.AppStore|iPhoneSimulator.ActiveCfg = Release|iPhoneSimulator
		{E88A8599-952F-44A4-813E-CECC599FF67D}.AppStore|iPhoneSimulator.Build.0 = Release|iPhoneSimulator
		{E88A8599-952F-44A4-813E-CECC599FF67D}.AppStore|x64.ActiveCfg = Release|iPhoneSimulator
		{E88A8599-952F-44A4-813E-CECC599FF67D}.AppStore|x64.Build.0 = Release|iPhoneSimulator
		{E88A8599-952F-44A4-813E-CECC599FF67D}.AppStore|x86.ActiveCfg = Release|iPhoneSimulator
		{E88A8599-952F-44A4-813E-CECC599FF67D}.AppStore|x86.Build.0 = Release|iPhoneSimulator
		{E88A8599-952F-44A4-813E-CECC599FF67D}.Debug|Any CPU.ActiveCfg = Debug|iPhoneSimulator
		{E88A8599-952F-44A4-813E-CECC599FF67D}.Debug|ARM.ActiveCfg = Debug|iPhoneSimulator
		{E88A8599-952F-44A4-813E-CECC599FF67D}.Debug|ARM64.ActiveCfg = Debug|iPhoneSimulator
		{E88A8599-952F-44A4-813E-CECC599FF67D}.Debug|iPhone.ActiveCfg = Debug|iPhoneSimulator
		{E88A8599-952F-44A4-813E-CECC599FF67D}.Debug|iPhoneSimulator.ActiveCfg = Debug|iPhoneSimulator
		{E88A8599-952F-44A4-813E-CECC599FF67D}.Debug|iPhoneSimulator.Build.0 = Debug|iPhoneSimulator
		{E88A8599-952F-44A4-813E-CECC599FF67D}.Debug|x64.ActiveCfg = Debug|iPhoneSimulator
		{E88A8599-952F-44A4-813E-CECC599FF67D}.Debug|x86.ActiveCfg = Debug|iPhoneSimulator
		{E88A8599-952F-44A4-813E-CECC599FF67D}.Release|Any CPU.ActiveCfg = Release|iPhoneSimulator
		{E88A8599-952F-44A4-813E-CECC599FF67D}.Release|ARM.ActiveCfg = Release|iPhoneSimulator
		{E88A8599-952F-44A4-813E-CECC599FF67D}.Release|ARM64.ActiveCfg = Release|iPhoneSimulator
		{E88A8599-952F-44A4-813E-CECC599FF67D}.Release|iPhone.ActiveCfg = Release|iPhoneSimulator
		{E88A8599-952F-44A4-813E-CECC599FF67D}.Release|iPhoneSimulator.ActiveCfg = Release|iPhoneSimulator
		{E88A8599-952F-44A4-813E-CECC599FF67D}.Release|iPhoneSimulator.Build.0 = Release|iPhoneSimulator
		{E88A8599-952F-44A4-813E-CECC599FF67D}.Release|x64.ActiveCfg = Release|iPhoneSimulator
		{E88A8599-952F-44A4-813E-CECC599FF67D}.Release|x86.ActiveCfg = Release|iPhoneSimulator
		{573CF162-8E18-40C4-A815-8DCCB665F814}.Ad-Hoc|Any CPU.ActiveCfg = Release|x64
		{573CF162-8E18-40C4-A815-8DCCB665F814}.Ad-Hoc|Any CPU.Build.0 = Release|x64
		{573CF162-8E18-40C4-A815-8DCCB665F814}.Ad-Hoc|Any CPU.Deploy.0 = Release|x64
		{573CF162-8E18-40C4-A815-8DCCB665F814}.Ad-Hoc|ARM.ActiveCfg = Release|ARM
		{573CF162-8E18-40C4-A815-8DCCB665F814}.Ad-Hoc|ARM.Build.0 = Release|ARM
		{573CF162-8E18-40C4-A815-8DCCB665F814}.Ad-Hoc|ARM.Deploy.0 = Release|ARM
		{573CF162-8E18-40C4-A815-8DCCB665F814}.Ad-Hoc|ARM64.ActiveCfg = Release|ARM64
		{573CF162-8E18-40C4-A815-8DCCB665F814}.Ad-Hoc|ARM64.Build.0 = Release|ARM64
		{573CF162-8E18-40C4-A815-8DCCB665F814}.Ad-Hoc|ARM64.Deploy.0 = Release|ARM64
		{573CF162-8E18-40C4-A815-8DCCB665F814}.Ad-Hoc|iPhone.ActiveCfg = Release|x64
		{573CF162-8E18-40C4-A815-8DCCB665F814}.Ad-Hoc|iPhone.Build.0 = Release|x64
		{573CF162-8E18-40C4-A815-8DCCB665F814}.Ad-Hoc|iPhone.Deploy.0 = Release|x64
		{573CF162-8E18-40C4-A815-8DCCB665F814}.Ad-Hoc|iPhoneSimulator.ActiveCfg = Release|x64
		{573CF162-8E18-40C4-A815-8DCCB665F814}.Ad-Hoc|iPhoneSimulator.Build.0 = Release|x64
		{573CF162-8E18-40C4-A815-8DCCB665F814}.Ad-Hoc|iPhoneSimulator.Deploy.0 = Release|x64
		{573CF162-8E18-40C4-A815-8DCCB665F814}.Ad-Hoc|x64.ActiveCfg = Release|x64
		{573CF162-8E18-40C4-A815-8DCCB665F814}.Ad-Hoc|x64.Build.0 = Release|x64
		{573CF162-8E18-40C4-A815-8DCCB665F814}.Ad-Hoc|x64.Deploy.0 = Release|x64
		{573CF162-8E18-40C4-A815-8DCCB665F814}.Ad-Hoc|x86.ActiveCfg = Release|x86
		{573CF162-8E18-40C4-A815-8DCCB665F814}.Ad-Hoc|x86.Build.0 = Release|x86
		{573CF162-8E18-40C4-A815-8DCCB665F814}.Ad-Hoc|x86.Deploy.0 = Release|x86
		{573CF162-8E18-40C4-A815-8DCCB665F814}.AppStore|Any CPU.ActiveCfg = Release|x64
		{573CF162-8E18-40C4-A815-8DCCB665F814}.AppStore|Any CPU.Build.0 = Release|x64
		{573CF162-8E18-40C4-A815-8DCCB665F814}.AppStore|Any CPU.Deploy.0 = Release|x64
		{573CF162-8E18-40C4-A815-8DCCB665F814}.AppStore|ARM.ActiveCfg = Release|ARM
		{573CF162-8E18-40C4-A815-8DCCB665F814}.AppStore|ARM.Build.0 = Release|ARM
		{573CF162-8E18-40C4-A815-8DCCB665F814}.AppStore|ARM.Deploy.0 = Release|ARM
		{573CF162-8E18-40C4-A815-8DCCB665F814}.AppStore|ARM64.ActiveCfg = Release|ARM64
		{573CF162-8E18-40C4-A815-8DCCB665F814}.AppStore|ARM64.Build.0 = Release|ARM64
		{573CF162-8E18-40C4-A815-8DCCB665F814}.AppStore|ARM64.Deploy.0 = Release|ARM64
		{573CF162-8E18-40C4-A815-8DCCB665F814}.AppStore|iPhone.ActiveCfg = Release|x64
		{573CF162-8E18-40C4-A815-8DCCB665F814}.AppStore|iPhone.Build.0 = Release|x64
		{573CF162-8E18-40C4-A815-8DCCB665F814}.AppStore|iPhone.Deploy.0 = Release|x64
		{573CF162-8E18-40C4-A815-8DCCB665F814}.AppStore|iPhoneSimulator.ActiveCfg = Release|x64
		{573CF162-8E18-40C4-A815-8DCCB665F814}.AppStore|iPhoneSimulator.Build.0 = Release|x64
		{573CF162-8E18-40C4-A815-8DCCB665F814}.AppStore|iPhoneSimulator.Deploy.0 = Release|x64
		{573CF162-8E18-40C4-A815-8DCCB665F814}.AppStore|x64.ActiveCfg = Release|x64
		{573CF162-8E18-40C4-A815-8DCCB665F814}.AppStore|x64.Build.0 = Release|x64
		{573CF162-8E18-40C4-A815-8DCCB665F814}.AppStore|x64.Deploy.0 = Release|x64
		{573CF162-8E18-40C4-A815-8DCCB665F814}.AppStore|x86.ActiveCfg = Release|x86
		{573CF162-8E18-40C4-A815-8DCCB665F814}.AppStore|x86.Build.0 = Release|x86
		{573CF162-8E18-40C4-A815-8DCCB665F814}.AppStore|x86.Deploy.0 = Release|x86
		{573CF162-8E18-40C4-A815-8DCCB665F814}.Debug|Any CPU.ActiveCfg = Debug|x86
		{573CF162-8E18-40C4-A815-8DCCB665F814}.Debug|ARM.ActiveCfg = Debug|ARM
		{573CF162-8E18-40C4-A815-8DCCB665F814}.Debug|ARM.Build.0 = Debug|ARM
		{573CF162-8E18-40C4-A815-8DCCB665F814}.Debug|ARM.Deploy.0 = Debug|ARM
		{573CF162-8E18-40C4-A815-8DCCB665F814}.Debug|ARM64.ActiveCfg = Debug|ARM64
		{573CF162-8E18-40C4-A815-8DCCB665F814}.Debug|ARM64.Build.0 = Debug|ARM64
		{573CF162-8E18-40C4-A815-8DCCB665F814}.Debug|ARM64.Deploy.0 = Debug|ARM64
		{573CF162-8E18-40C4-A815-8DCCB665F814}.Debug|iPhone.ActiveCfg = Debug|x86
		{573CF162-8E18-40C4-A815-8DCCB665F814}.Debug|iPhoneSimulator.ActiveCfg = Debug|x86
		{573CF162-8E18-40C4-A815-8DCCB665F814}.Debug|x64.ActiveCfg = Debug|x64
		{573CF162-8E18-40C4-A815-8DCCB665F814}.Debug|x64.Build.0 = Debug|x64
		{573CF162-8E18-40C4-A815-8DCCB665F814}.Debug|x64.Deploy.0 = Debug|x64
		{573CF162-8E18-40C4-A815-8DCCB665F814}.Debug|x86.ActiveCfg = Debug|x86
		{573CF162-8E18-40C4-A815-8DCCB665F814}.Debug|x86.Build.0 = Debug|x86
		{573CF162-8E18-40C4-A815-8DCCB665F814}.Debug|x86.Deploy.0 = Debug|x86
		{573CF162-8E18-40C4-A815-8DCCB665F814}.Release|Any CPU.ActiveCfg = Release|x86
		{573CF162-8E18-40C4-A815-8DCCB665F814}.Release|ARM.ActiveCfg = Release|ARM
		{573CF162-8E18-40C4-A815-8DCCB665F814}.Release|ARM.Build.0 = Release|ARM
		{573CF162-8E18-40C4-A815-8DCCB665F814}.Release|ARM.Deploy.0 = Release|ARM
		{573CF162-8E18-40C4-A815-8DCCB665F814}.Release|ARM64.ActiveCfg = Release|ARM64
		{573CF162-8E18-40C4-A815-8DCCB665F814}.Release|ARM64.Build.0 = Release|ARM64
		{573CF162-8E18-40C4-A815-8DCCB665F814}.Release|ARM64.Deploy.0 = Release|ARM64
		{573CF162-8E18-40C4-A815-8DCCB665F814}.Release|iPhone.ActiveCfg = Release|x86
		{573CF162-8E18-40C4-A815-8DCCB665F814}.Release|iPhoneSimulator.ActiveCfg = Release|x86
		{573CF162-8E18-40C4-A815-8DCCB665F814}.Release|x64.ActiveCfg = Release|x64
		{573CF162-8E18-40C4-A815-8DCCB665F814}.Release|x64.Build.0 = Release|x64
		{573CF162-8E18-40C4-A815-8DCCB665F814}.Release|x64.Deploy.0 = Release|x64
		{573CF162-8E18-40C4-A815-8DCCB665F814}.Release|x86.ActiveCfg = Release|x86
		{573CF162-8E18-40C4-A815-8DCCB665F814}.Release|x86.Build.0 = Release|x86
		{573CF162-8E18-40C4-A815-8DCCB665F814}.Release|x86.Deploy.0 = Release|x86
		{A38B5D70-EF4C-4BF4-918D-82BF63DAF2E3}.Ad-Hoc|Any CPU.ActiveCfg = Debug|Any CPU
		{A38B5D70-EF4C-4BF4-918D-82BF63DAF2E3}.Ad-Hoc|Any CPU.Build.0 = Debug|Any CPU
		{A38B5D70-EF4C-4BF4-918D-82BF63DAF2E3}.Ad-Hoc|ARM.ActiveCfg = Debug|Any CPU
		{A38B5D70-EF4C-4BF4-918D-82BF63DAF2E3}.Ad-Hoc|ARM.Build.0 = Debug|Any CPU
		{A38B5D70-EF4C-4BF4-918D-82BF63DAF2E3}.Ad-Hoc|ARM64.ActiveCfg = Debug|Any CPU
		{A38B5D70-EF4C-4BF4-918D-82BF63DAF2E3}.Ad-Hoc|ARM64.Build.0 = Debug|Any CPU
		{A38B5D70-EF4C-4BF4-918D-82BF63DAF2E3}.Ad-Hoc|iPhone.ActiveCfg = Debug|Any CPU
		{A38B5D70-EF4C-4BF4-918D-82BF63DAF2E3}.Ad-Hoc|iPhone.Build.0 = Debug|Any CPU
		{A38B5D70-EF4C-4BF4-918D-82BF63DAF2E3}.Ad-Hoc|iPhoneSimulator.ActiveCfg = Debug|Any CPU
		{A38B5D70-EF4C-4BF4-918D-82BF63DAF2E3}.Ad-Hoc|iPhoneSimulator.Build.0 = Debug|Any CPU
		{A38B5D70-EF4C-4BF4-918D-82BF63DAF2E3}.Ad-Hoc|x64.ActiveCfg = Debug|Any CPU
		{A38B5D70-EF4C-4BF4-918D-82BF63DAF2E3}.Ad-Hoc|x64.Build.0 = Debug|Any CPU
		{A38B5D70-EF4C-4BF4-918D-82BF63DAF2E3}.Ad-Hoc|x86.ActiveCfg = Debug|Any CPU
		{A38B5D70-EF4C-4BF4-918D-82BF63DAF2E3}.Ad-Hoc|x86.Build.0 = Debug|Any CPU
		{A38B5D70-EF4C-4BF4-918D-82BF63DAF2E3}.AppStore|Any CPU.ActiveCfg = Debug|Any CPU
		{A38B5D70-EF4C-4BF4-918D-82BF63DAF2E3}.AppStore|Any CPU.Build.0 = Debug|Any CPU
		{A38B5D70-EF4C-4BF4-918D-82BF63DAF2E3}.AppStore|ARM.ActiveCfg = Debug|Any CPU
		{A38B5D70-EF4C-4BF4-918D-82BF63DAF2E3}.AppStore|ARM.Build.0 = Debug|Any CPU
		{A38B5D70-EF4C-4BF4-918D-82BF63DAF2E3}.AppStore|ARM64.ActiveCfg = Debug|Any CPU
		{A38B5D70-EF4C-4BF4-918D-82BF63DAF2E3}.AppStore|ARM64.Build.0 = Debug|Any CPU
		{A38B5D70-EF4C-4BF4-918D-82BF63DAF2E3}.AppStore|iPhone.ActiveCfg = Debug|Any CPU
		{A38B5D70-EF4C-4BF4-918D-82BF63DAF2E3}.AppStore|iPhone.Build.0 = Debug|Any CPU
		{A38B5D70-EF4C-4BF4-918D-82BF63DAF2E3}.AppStore|iPhoneSimulator.ActiveCfg = Debug|Any CPU
		{A38B5D70-EF4C-4BF4-918D-82BF63DAF2E3}.AppStore|iPhoneSimulator.Build.0 = Debug|Any CPU
		{A38B5D70-EF4C-4BF4-918D-82BF63DAF2E3}.AppStore|x64.ActiveCfg = Debug|Any CPU
		{A38B5D70-EF4C-4BF4-918D-82BF63DAF2E3}.AppStore|x64.Build.0 = Debug|Any CPU
		{A38B5D70-EF4C-4BF4-918D-82BF63DAF2E3}.AppStore|x86.ActiveCfg = Debug|Any CPU
		{A38B5D70-EF4C-4BF4-918D-82BF63DAF2E3}.AppStore|x86.Build.0 = Debug|Any CPU
		{A38B5D70-EF4C-4BF4-918D-82BF63DAF2E3}.Debug|Any CPU.ActiveCfg = Debug|Any CPU
		{A38B5D70-EF4C-4BF4-918D-82BF63DAF2E3}.Debug|Any CPU.Build.0 = Debug|Any CPU
		{A38B5D70-EF4C-4BF4-918D-82BF63DAF2E3}.Debug|ARM.ActiveCfg = Debug|Any CPU
		{A38B5D70-EF4C-4BF4-918D-82BF63DAF2E3}.Debug|ARM.Build.0 = Debug|Any CPU
		{A38B5D70-EF4C-4BF4-918D-82BF63DAF2E3}.Debug|ARM64.ActiveCfg = Debug|Any CPU
		{A38B5D70-EF4C-4BF4-918D-82BF63DAF2E3}.Debug|ARM64.Build.0 = Debug|Any CPU
		{A38B5D70-EF4C-4BF4-918D-82BF63DAF2E3}.Debug|iPhone.ActiveCfg = Debug|Any CPU
		{A38B5D70-EF4C-4BF4-918D-82BF63DAF2E3}.Debug|iPhone.Build.0 = Debug|Any CPU
		{A38B5D70-EF4C-4BF4-918D-82BF63DAF2E3}.Debug|iPhoneSimulator.ActiveCfg = Debug|Any CPU
		{A38B5D70-EF4C-4BF4-918D-82BF63DAF2E3}.Debug|iPhoneSimulator.Build.0 = Debug|Any CPU
		{A38B5D70-EF4C-4BF4-918D-82BF63DAF2E3}.Debug|x64.ActiveCfg = Debug|Any CPU
		{A38B5D70-EF4C-4BF4-918D-82BF63DAF2E3}.Debug|x64.Build.0 = Debug|Any CPU
		{A38B5D70-EF4C-4BF4-918D-82BF63DAF2E3}.Debug|x86.ActiveCfg = Debug|Any CPU
		{A38B5D70-EF4C-4BF4-918D-82BF63DAF2E3}.Debug|x86.Build.0 = Debug|Any CPU
		{A38B5D70-EF4C-4BF4-918D-82BF63DAF2E3}.Release|Any CPU.ActiveCfg = Release|Any CPU
		{A38B5D70-EF4C-4BF4-918D-82BF63DAF2E3}.Release|Any CPU.Build.0 = Release|Any CPU
		{A38B5D70-EF4C-4BF4-918D-82BF63DAF2E3}.Release|ARM.ActiveCfg = Release|Any CPU
		{A38B5D70-EF4C-4BF4-918D-82BF63DAF2E3}.Release|ARM.Build.0 = Release|Any CPU
		{A38B5D70-EF4C-4BF4-918D-82BF63DAF2E3}.Release|ARM64.ActiveCfg = Release|Any CPU
		{A38B5D70-EF4C-4BF4-918D-82BF63DAF2E3}.Release|ARM64.Build.0 = Release|Any CPU
		{A38B5D70-EF4C-4BF4-918D-82BF63DAF2E3}.Release|iPhone.ActiveCfg = Release|Any CPU
		{A38B5D70-EF4C-4BF4-918D-82BF63DAF2E3}.Release|iPhone.Build.0 = Release|Any CPU
		{A38B5D70-EF4C-4BF4-918D-82BF63DAF2E3}.Release|iPhoneSimulator.ActiveCfg = Release|Any CPU
		{A38B5D70-EF4C-4BF4-918D-82BF63DAF2E3}.Release|iPhoneSimulator.Build.0 = Release|Any CPU
		{A38B5D70-EF4C-4BF4-918D-82BF63DAF2E3}.Release|x64.ActiveCfg = Release|Any CPU
		{A38B5D70-EF4C-4BF4-918D-82BF63DAF2E3}.Release|x64.Build.0 = Release|Any CPU
		{A38B5D70-EF4C-4BF4-918D-82BF63DAF2E3}.Release|x86.ActiveCfg = Release|Any CPU
		{A38B5D70-EF4C-4BF4-918D-82BF63DAF2E3}.Release|x86.Build.0 = Release|Any CPU
		{63F21C18-8F4D-4EBD-8C85-671DB4C6C9B5}.Ad-Hoc|Any CPU.ActiveCfg = Release|x64
		{63F21C18-8F4D-4EBD-8C85-671DB4C6C9B5}.Ad-Hoc|Any CPU.Build.0 = Release|x64
		{63F21C18-8F4D-4EBD-8C85-671DB4C6C9B5}.Ad-Hoc|ARM.ActiveCfg = Release|ARM
		{63F21C18-8F4D-4EBD-8C85-671DB4C6C9B5}.Ad-Hoc|ARM.Build.0 = Release|ARM
		{63F21C18-8F4D-4EBD-8C85-671DB4C6C9B5}.Ad-Hoc|ARM64.ActiveCfg = Release|ARM64
		{63F21C18-8F4D-4EBD-8C85-671DB4C6C9B5}.Ad-Hoc|ARM64.Build.0 = Release|ARM64
		{63F21C18-8F4D-4EBD-8C85-671DB4C6C9B5}.Ad-Hoc|iPhone.ActiveCfg = Release|x64
		{63F21C18-8F4D-4EBD-8C85-671DB4C6C9B5}.Ad-Hoc|iPhone.Build.0 = Release|x64
		{63F21C18-8F4D-4EBD-8C85-671DB4C6C9B5}.Ad-Hoc|iPhoneSimulator.ActiveCfg = Release|x64
		{63F21C18-8F4D-4EBD-8C85-671DB4C6C9B5}.Ad-Hoc|iPhoneSimulator.Build.0 = Release|x64
		{63F21C18-8F4D-4EBD-8C85-671DB4C6C9B5}.Ad-Hoc|x64.ActiveCfg = Release|x64
		{63F21C18-8F4D-4EBD-8C85-671DB4C6C9B5}.Ad-Hoc|x64.Build.0 = Release|x64
		{63F21C18-8F4D-4EBD-8C85-671DB4C6C9B5}.Ad-Hoc|x86.ActiveCfg = Release|Win32
		{63F21C18-8F4D-4EBD-8C85-671DB4C6C9B5}.Ad-Hoc|x86.Build.0 = Release|Win32
		{63F21C18-8F4D-4EBD-8C85-671DB4C6C9B5}.AppStore|Any CPU.ActiveCfg = Release|x64
		{63F21C18-8F4D-4EBD-8C85-671DB4C6C9B5}.AppStore|Any CPU.Build.0 = Release|x64
		{63F21C18-8F4D-4EBD-8C85-671DB4C6C9B5}.AppStore|ARM.ActiveCfg = Release|ARM
		{63F21C18-8F4D-4EBD-8C85-671DB4C6C9B5}.AppStore|ARM.Build.0 = Release|ARM
		{63F21C18-8F4D-4EBD-8C85-671DB4C6C9B5}.AppStore|ARM64.ActiveCfg = Release|ARM64
		{63F21C18-8F4D-4EBD-8C85-671DB4C6C9B5}.AppStore|ARM64.Build.0 = Release|ARM64
		{63F21C18-8F4D-4EBD-8C85-671DB4C6C9B5}.AppStore|iPhone.ActiveCfg = Release|x64
		{63F21C18-8F4D-4EBD-8C85-671DB4C6C9B5}.AppStore|iPhone.Build.0 = Release|x64
		{63F21C18-8F4D-4EBD-8C85-671DB4C6C9B5}.AppStore|iPhoneSimulator.ActiveCfg = Release|x64
		{63F21C18-8F4D-4EBD-8C85-671DB4C6C9B5}.AppStore|iPhoneSimulator.Build.0 = Release|x64
		{63F21C18-8F4D-4EBD-8C85-671DB4C6C9B5}.AppStore|x64.ActiveCfg = Release|x64
		{63F21C18-8F4D-4EBD-8C85-671DB4C6C9B5}.AppStore|x64.Build.0 = Release|x64
		{63F21C18-8F4D-4EBD-8C85-671DB4C6C9B5}.AppStore|x86.ActiveCfg = Release|Win32
		{63F21C18-8F4D-4EBD-8C85-671DB4C6C9B5}.AppStore|x86.Build.0 = Release|Win32
		{63F21C18-8F4D-4EBD-8C85-671DB4C6C9B5}.Debug|Any CPU.ActiveCfg = Debug|Win32
		{63F21C18-8F4D-4EBD-8C85-671DB4C6C9B5}.Debug|ARM.ActiveCfg = Debug|ARM
		{63F21C18-8F4D-4EBD-8C85-671DB4C6C9B5}.Debug|ARM.Build.0 = Debug|ARM
		{63F21C18-8F4D-4EBD-8C85-671DB4C6C9B5}.Debug|ARM64.ActiveCfg = Debug|ARM64
		{63F21C18-8F4D-4EBD-8C85-671DB4C6C9B5}.Debug|ARM64.Build.0 = Debug|ARM64
		{63F21C18-8F4D-4EBD-8C85-671DB4C6C9B5}.Debug|iPhone.ActiveCfg = Debug|Win32
		{63F21C18-8F4D-4EBD-8C85-671DB4C6C9B5}.Debug|iPhoneSimulator.ActiveCfg = Debug|Win32
		{63F21C18-8F4D-4EBD-8C85-671DB4C6C9B5}.Debug|x64.ActiveCfg = Debug|x64
		{63F21C18-8F4D-4EBD-8C85-671DB4C6C9B5}.Debug|x64.Build.0 = Debug|x64
		{63F21C18-8F4D-4EBD-8C85-671DB4C6C9B5}.Debug|x86.ActiveCfg = Debug|Win32
		{63F21C18-8F4D-4EBD-8C85-671DB4C6C9B5}.Debug|x86.Build.0 = Debug|Win32
		{63F21C18-8F4D-4EBD-8C85-671DB4C6C9B5}.Release|Any CPU.ActiveCfg = Release|Win32
		{63F21C18-8F4D-4EBD-8C85-671DB4C6C9B5}.Release|ARM.ActiveCfg = Release|ARM
		{63F21C18-8F4D-4EBD-8C85-671DB4C6C9B5}.Release|ARM.Build.0 = Release|ARM
		{63F21C18-8F4D-4EBD-8C85-671DB4C6C9B5}.Release|ARM64.ActiveCfg = Release|ARM64
		{63F21C18-8F4D-4EBD-8C85-671DB4C6C9B5}.Release|ARM64.Build.0 = Release|ARM64
		{63F21C18-8F4D-4EBD-8C85-671DB4C6C9B5}.Release|iPhone.ActiveCfg = Release|Win32
		{63F21C18-8F4D-4EBD-8C85-671DB4C6C9B5}.Release|iPhoneSimulator.ActiveCfg = Release|Win32
		{63F21C18-8F4D-4EBD-8C85-671DB4C6C9B5}.Release|x64.ActiveCfg = Release|x64
		{63F21C18-8F4D-4EBD-8C85-671DB4C6C9B5}.Release|x64.Build.0 = Release|x64
		{63F21C18-8F4D-4EBD-8C85-671DB4C6C9B5}.Release|x86.ActiveCfg = Release|Win32
		{63F21C18-8F4D-4EBD-8C85-671DB4C6C9B5}.Release|x86.Build.0 = Release|Win32
	EndGlobalSection
	GlobalSection(SolutionProperties) = preSolution
		HideSolutionNode = FALSE
	EndGlobalSection
	GlobalSection(NestedProjects) = preSolution
		{58A05C73-EDDE-4BBE-959D-95503FEB2E49} = {1E8D9D05-7443-446F-856F-0C1291232A5A}
		{D0B180C6-1B6F-43FD-AD90-91E04B00C4E8} = {1E8D9D05-7443-446F-856F-0C1291232A5A}
		{FEA44308-338D-4FF7-B3B7-EFD2960278D2} = {D9310C2E-11B3-49D8-82E4-CBC4040BCB70}
		{8040748E-1F86-4DA6-8058-4FF02A92E0AE} = {58A05C73-EDDE-4BBE-959D-95503FEB2E49}
		{322CD08F-A6BE-472D-B32A-55D51D684BF8} = {1502F779-BA71-4D42-B67E-251F71ED1593}
		{4003948A-E114-4580-A2D2-31BA6B729280} = {CECAE720-11D8-4EF2-923D-C7EBEFF63F90}
		{6279C845-92F8-4333-AB99-3D213163593C} = {CECAE720-11D8-4EF2-923D-C7EBEFF63F90}
		{72A20B45-54DC-44A3-A67F-6868C41BDCC4} = {4003948A-E114-4580-A2D2-31BA6B729280}
		{87C2FDAF-BEAB-4881-A023-FEB5AD256792} = {4003948A-E114-4580-A2D2-31BA6B729280}
		{E88A8599-952F-44A4-813E-CECC599FF67D} = {4003948A-E114-4580-A2D2-31BA6B729280}
		{573CF162-8E18-40C4-A815-8DCCB665F814} = {4003948A-E114-4580-A2D2-31BA6B729280}
		{A38B5D70-EF4C-4BF4-918D-82BF63DAF2E3} = {4003948A-E114-4580-A2D2-31BA6B729280}
		{CECAE720-11D8-4EF2-923D-C7EBEFF63F90} = {D0B180C6-1B6F-43FD-AD90-91E04B00C4E8}
		{63F21C18-8F4D-4EBD-8C85-671DB4C6C9B5} = {CECAE720-11D8-4EF2-923D-C7EBEFF63F90}
	EndGlobalSection
	GlobalSection(ExtensibilityGlobals) = postSolution
		SolutionGuid = {97E5AD4A-5E89-4A1A-9A95-CFAC75CBB060}
	EndGlobalSection
EndGlobal
